
Microsoft Visual Studio Solution File, Format Version 12.00
# Visual Studio Version 16
VisualStudioVersion = 16.0.31424.327
MinimumVisualStudioVersion = 10.0.40219.1
Project("{8BC9CEB8-8B4A-11D0-8D11-00A0C91BC942}") = "EliminationAnalyser", "EliminationAnalyser.vcxproj", "{FD92F29E-B592-4786-90BA-FB8C63B9FDD0}"
EndProject
Global
	GlobalSection(SolutionConfigurationPlatforms) = preSolution
		Debug|x64 = Debug|x64
		Debug|x86 = Debug|x86
		Release|x64 = Release|x64
		Release|x86 = Release|x86
	EndGlobalSection
	GlobalSection(ProjectConfigurationPlatforms) = postSolution
		{FD92F29E-B592-4786-90BA-FB8C63B9FDD0}.Debug|x64.ActiveCfg = Debug|x64
		{FD92F29E-B592-4786-90BA-FB8C63B9FDD0}.Debug|x64.Build.0 = Debug|x64
		{FD92F29E-B592-4786-90BA-FB8C63B9FDD0}.Debug|x86.ActiveCfg = Debug|Win32
		{FD92F29E-B592-4786-90BA-FB8C63B9FDD0}.Debug|x86.Build.0 = Debug|Win32
		{FD92F29E-B592-4786-90BA-FB8C63B9FDD0}.Release|x64.ActiveCfg = Release|x64
		{FD92F29E-B592-4786-90BA-FB8C63B9FDD0}.Release|x64.Build.0 = Release|x64
		{FD92F29E-B592-4786-90BA-FB8C63B9FDD0}.Release|x86.ActiveCfg = Release|Win32
		{FD92F29E-B592-4786-90BA-FB8C63B9FDD0}.Release|x86.Build.0 = Release|Win32
	EndGlobalSection
	GlobalSection(SolutionProperties) = preSolution
		HideSolutionNode = FALSE
	EndGlobalSection
	GlobalSection(ExtensibilityGlobals) = postSolution
		SolutionGuid = {1604C566-323F-4412-8650-365E2F4AC939}
	EndGlobalSection
EndGlobal
